
Microsoft Visual Studio Solution File, Format Version 12.00
Project("{FAE04EC0-301F-11D3-BF4B-00C04F79EFBC}") = "CheckoutKata.API", "CheckoutKata.API\CheckoutKata.API.csproj", "{03757DC1-0FF9-4F91-A434-E33E3F3CB0D4}"
EndProject
Project("{FAE04EC0-301F-11D3-BF4B-00C04F79EFBC}") = "CheckoutKata.Business", "CheckoutKata.Business\CheckoutKata.Business.csproj", "{F33E39E7-92E9-41AE-98EC-25101D4FADA0}"
EndProject
Project("{FAE04EC0-301F-11D3-BF4B-00C04F79EFBC}") = "CheckoutKata.Business.Interfaces", "CheckoutKata.Business.Interfaces\CheckoutKata.Business.Interfaces.csproj", "{1DBECC01-79E6-47CA-884D-91650D66D3F0}"
EndProject
Project("{FAE04EC0-301F-11D3-BF4B-00C04F79EFBC}") = "CheckoutKata.Data", "CheckoutKata.Data\CheckoutKata.Data.csproj", "{EDCC8BE5-4772-4015-891A-22A6CBBE2D32}"
EndProject
Project("{FAE04EC0-301F-11D3-BF4B-00C04F79EFBC}") = "CheckoutKata.Data.Interfaces", "CheckoutKata.Data.Interfaces\CheckoutKata.Data.Interfaces.csproj", "{6E0E2CA5-A862-4348-B717-81662066DFF9}"
EndProject
Project("{FAE04EC0-301F-11D3-BF4B-00C04F79EFBC}") = "CheckoutKata.Dependencies", "CheckoutKata.Dependencies\CheckoutKata.Dependencies.csproj", "{9A247AB4-4D31-49B5-BC63-2478D18E71DF}"
EndProject
Project("{FAE04EC0-301F-11D3-BF4B-00C04F79EFBC}") = "CheckoutKata.Common", "CheckoutKata.Common\CheckoutKata.Common.csproj", "{A588C4DE-B602-4AA0-A52F-4DEF591F7D94}"
EndProject
Project("{FAE04EC0-301F-11D3-BF4B-00C04F79EFBC}") = "CheckoutKata.Models", "CheckoutKata.Models\CheckoutKata.Models.csproj", "{C3B9577D-6C67-4D23-9BC6-0775460AC8CD}"
EndProject
Project("{FAE04EC0-301F-11D3-BF4B-00C04F79EFBC}") = "CheckoutKata.Entities", "CheckoutKata.Entities\CheckoutKata.Entities.csproj", "{812144CD-565A-4FC3-ABAD-295AD7F65A56}"
EndProject
Global
	GlobalSection(SolutionConfigurationPlatforms) = preSolution
		Debug|Any CPU = Debug|Any CPU
		Release|Any CPU = Release|Any CPU
	EndGlobalSection
	GlobalSection(ProjectConfigurationPlatforms) = postSolution
		{03757DC1-0FF9-4F91-A434-E33E3F3CB0D4}.Debug|Any CPU.ActiveCfg = Debug|Any CPU
		{03757DC1-0FF9-4F91-A434-E33E3F3CB0D4}.Debug|Any CPU.Build.0 = Debug|Any CPU
		{03757DC1-0FF9-4F91-A434-E33E3F3CB0D4}.Release|Any CPU.ActiveCfg = Release|Any CPU
		{03757DC1-0FF9-4F91-A434-E33E3F3CB0D4}.Release|Any CPU.Build.0 = Release|Any CPU
		{F33E39E7-92E9-41AE-98EC-25101D4FADA0}.Debug|Any CPU.ActiveCfg = Debug|Any CPU
		{F33E39E7-92E9-41AE-98EC-25101D4FADA0}.Debug|Any CPU.Build.0 = Debug|Any CPU
		{F33E39E7-92E9-41AE-98EC-25101D4FADA0}.Release|Any CPU.ActiveCfg = Release|Any CPU
		{F33E39E7-92E9-41AE-98EC-25101D4FADA0}.Release|Any CPU.Build.0 = Release|Any CPU
		{1DBECC01-79E6-47CA-884D-91650D66D3F0}.Debug|Any CPU.ActiveCfg = Debug|Any CPU
		{1DBECC01-79E6-47CA-884D-91650D66D3F0}.Debug|Any CPU.Build.0 = Debug|Any CPU
		{1DBECC01-79E6-47CA-884D-91650D66D3F0}.Release|Any CPU.ActiveCfg = Release|Any CPU
		{1DBECC01-79E6-47CA-884D-91650D66D3F0}.Release|Any CPU.Build.0 = Release|Any CPU
		{EDCC8BE5-4772-4015-891A-22A6CBBE2D32}.Debug|Any CPU.ActiveCfg = Debug|Any CPU
		{EDCC8BE5-4772-4015-891A-22A6CBBE2D32}.Debug|Any CPU.Build.0 = Debug|Any CPU
		{EDCC8BE5-4772-4015-891A-22A6CBBE2D32}.Release|Any CPU.ActiveCfg = Release|Any CPU
		{EDCC8BE5-4772-4015-891A-22A6CBBE2D32}.Release|Any CPU.Build.0 = Release|Any CPU
		{6E0E2CA5-A862-4348-B717-81662066DFF9}.Debug|Any CPU.ActiveCfg = Debug|Any CPU
		{6E0E2CA5-A862-4348-B717-81662066DFF9}.Debug|Any CPU.Build.0 = Debug|Any CPU
		{6E0E2CA5-A862-4348-B717-81662066DFF9}.Release|Any CPU.ActiveCfg = Release|Any CPU
		{6E0E2CA5-A862-4348-B717-81662066DFF9}.Release|Any CPU.Build.0 = Release|Any CPU
		{9A247AB4-4D31-49B5-BC63-2478D18E71DF}.Debug|Any CPU.ActiveCfg = Debug|Any CPU
		{9A247AB4-4D31-49B5-BC63-2478D18E71DF}.Debug|Any CPU.Build.0 = Debug|Any CPU
		{9A247AB4-4D31-49B5-BC63-2478D18E71DF}.Release|Any CPU.ActiveCfg = Release|Any CPU
		{9A247AB4-4D31-49B5-BC63-2478D18E71DF}.Release|Any CPU.Build.0 = Release|Any CPU
		{A588C4DE-B602-4AA0-A52F-4DEF591F7D94}.Debug|Any CPU.ActiveCfg = Debug|Any CPU
		{A588C4DE-B602-4AA0-A52F-4DEF591F7D94}.Debug|Any CPU.Build.0 = Debug|Any CPU
		{A588C4DE-B602-4AA0-A52F-4DEF591F7D94}.Release|Any CPU.ActiveCfg = Release|Any CPU
		{A588C4DE-B602-4AA0-A52F-4DEF591F7D94}.Release|Any CPU.Build.0 = Release|Any CPU
		{C3B9577D-6C67-4D23-9BC6-0775460AC8CD}.Debug|Any CPU.ActiveCfg = Debug|Any CPU
		{C3B9577D-6C67-4D23-9BC6-0775460AC8CD}.Debug|Any CPU.Build.0 = Debug|Any CPU
		{C3B9577D-6C67-4D23-9BC6-0775460AC8CD}.Release|Any CPU.ActiveCfg = Release|Any CPU
		{C3B9577D-6C67-4D23-9BC6-0775460AC8CD}.Release|Any CPU.Build.0 = Release|Any CPU
		{812144CD-565A-4FC3-ABAD-295AD7F65A56}.Debug|Any CPU.ActiveCfg = Debug|Any CPU
		{812144CD-565A-4FC3-ABAD-295AD7F65A56}.Debug|Any CPU.Build.0 = Debug|Any CPU
		{812144CD-565A-4FC3-ABAD-295AD7F65A56}.Release|Any CPU.ActiveCfg = Release|Any CPU
		{812144CD-565A-4FC3-ABAD-295AD7F65A56}.Release|Any CPU.Build.0 = Release|Any CPU
	EndGlobalSection
EndGlobal
